
Microsoft Visual Studio Solution File, Format Version 12.00
# Visual Studio Version 17
VisualStudioVersion = 17.6.33712.159
MinimumVisualStudioVersion = 10.0.40219.1
Project("{9A19103F-16F7-4668-BE54-9A1E7A4F7556}") = "HelloWorld", "HelloWorld\HelloWorld.csproj", "{E13E8CAE-E6D6-416E-8E59-EA0490EEA358}"
EndProject
Project("{9A19103F-16F7-4668-BE54-9A1E7A4F7556}") = "InputOutput", "InputOutput\InputOutput.csproj", "{1F5EF6E0-E22C-404A-9CE2-731DD9D77545}"
EndProject
Project("{9A19103F-16F7-4668-BE54-9A1E7A4F7556}") = "VariablesandDatatypes", "VariablesandDatatypes\VariablesandDatatypes.csproj", "{C49A0BA6-9D59-4898-A5CE-43FC873AE1EA}"
EndProject
Project("{9A19103F-16F7-4668-BE54-9A1E7A4F7556}") = "mathoperators", "mathoperators\mathoperators.csproj", "{FC3CEAED-5161-469C-B8CB-59AEDC79A24B}"
EndProject
Project("{9A19103F-16F7-4668-BE54-9A1E7A4F7556}") = "ConditionalStatements", "ConditionalStatements\ConditionalStatements.csproj", "{743E86F8-B235-4A55-8C8E-A67FF28E6117}"
EndProject
Project("{9A19103F-16F7-4668-BE54-9A1E7A4F7556}") = "RepetitionStatements", "RepetitionStatements\RepetitionStatements.csproj", "{F6085455-A487-42F8-AFB3-8012E3D759D6}"
EndProject
Project("{FAE04EC0-301F-11D3-BF4B-00C04F79EFBC}") = "Methods", "Methods\Methods.csproj", "{8F418560-0567-4289-AE57-0C2285F6BD5B}"
EndProject
Project("{FAE04EC0-301F-11D3-BF4B-00C04F79EFBC}") = "StringManipulation", "StringManipulation\StringManipulation.csproj", "{71486BD8-79B4-4C3B-B94C-4E8DD5063A89}"
EndProject
Project("{FAE04EC0-301F-11D3-BF4B-00C04F79EFBC}") = "DateTimeManipulation", "DateTimeManipulation\DateTimeManipulation.csproj", "{BFFBC19F-7E07-4423-BE84-EE339D7EC25E}"
EndProject
Project("{FAE04EC0-301F-11D3-BF4B-00C04F79EFBC}") = "ExceptionHandling", "ExceptionHandling\ExceptionHandling.csproj", "{9565B1B8-B8BC-414E-B0C5-6DB8D3F895D7}"
EndProject
Project("{FAE04EC0-301F-11D3-BF4B-00C04F79EFBC}") = "Arrays", "Arrays\Arrays.csproj", "{21D416F7-A943-4829-95EE-BB2D30040F4D}"
EndProject
Project("{FAE04EC0-301F-11D3-BF4B-00C04F79EFBC}") = "ListCollections", "ListCollections\ListCollections.csproj", "{FBCF9399-D10C-40D9-8DBA-BE7CD7CA42CA}"
EndProject
Project("{FAE04EC0-301F-11D3-BF4B-00C04F79EFBC}") = "ClassAndObjects", "ClassAndObjects\ClassAndObjects.csproj", "{FFBB2411-AFD2-4CD4-8D25-BC6D3A28871C}"
EndProject
Project("{FAE04EC0-301F-11D3-BF4B-00C04F79EFBC}") = "Inheritance", "Inheritance\Inheritance.csproj", "{89E1D898-129A-44D2-8A7E-52D5849A41B3}"
EndProject
Global
	GlobalSection(SolutionConfigurationPlatforms) = preSolution
		Debug|Any CPU = Debug|Any CPU
		Release|Any CPU = Release|Any CPU
	EndGlobalSection
	GlobalSection(ProjectConfigurationPlatforms) = postSolution
		{E13E8CAE-E6D6-416E-8E59-EA0490EEA358}.Debug|Any CPU.ActiveCfg = Debug|Any CPU
		{E13E8CAE-E6D6-416E-8E59-EA0490EEA358}.Debug|Any CPU.Build.0 = Debug|Any CPU
		{E13E8CAE-E6D6-416E-8E59-EA0490EEA358}.Release|Any CPU.ActiveCfg = Release|Any CPU
		{E13E8CAE-E6D6-416E-8E59-EA0490EEA358}.Release|Any CPU.Build.0 = Release|Any CPU
		{1F5EF6E0-E22C-404A-9CE2-731DD9D77545}.Debug|Any CPU.ActiveCfg = Debug|Any CPU
		{1F5EF6E0-E22C-404A-9CE2-731DD9D77545}.Debug|Any CPU.Build.0 = Debug|Any CPU
		{1F5EF6E0-E22C-404A-9CE2-731DD9D77545}.Release|Any CPU.ActiveCfg = Release|Any CPU
		{1F5EF6E0-E22C-404A-9CE2-731DD9D77545}.Release|Any CPU.Build.0 = Release|Any CPU
		{C49A0BA6-9D59-4898-A5CE-43FC873AE1EA}.Debug|Any CPU.ActiveCfg = Debug|Any CPU
		{C49A0BA6-9D59-4898-A5CE-43FC873AE1EA}.Debug|Any CPU.Build.0 = Debug|Any CPU
		{C49A0BA6-9D59-4898-A5CE-43FC873AE1EA}.Release|Any CPU.ActiveCfg = Release|Any CPU
		{C49A0BA6-9D59-4898-A5CE-43FC873AE1EA}.Release|Any CPU.Build.0 = Release|Any CPU
		{FC3CEAED-5161-469C-B8CB-59AEDC79A24B}.Debug|Any CPU.ActiveCfg = Debug|Any CPU
		{FC3CEAED-5161-469C-B8CB-59AEDC79A24B}.Debug|Any CPU.Build.0 = Debug|Any CPU
		{FC3CEAED-5161-469C-B8CB-59AEDC79A24B}.Release|Any CPU.ActiveCfg = Release|Any CPU
		{FC3CEAED-5161-469C-B8CB-59AEDC79A24B}.Release|Any CPU.Build.0 = Release|Any CPU
		{743E86F8-B235-4A55-8C8E-A67FF28E6117}.Debug|Any CPU.ActiveCfg = Debug|Any CPU
		{743E86F8-B235-4A55-8C8E-A67FF28E6117}.Debug|Any CPU.Build.0 = Debug|Any CPU
		{743E86F8-B235-4A55-8C8E-A67FF28E6117}.Release|Any CPU.ActiveCfg = Release|Any CPU
		{743E86F8-B235-4A55-8C8E-A67FF28E6117}.Release|Any CPU.Build.0 = Release|Any CPU
		{F6085455-A487-42F8-AFB3-8012E3D759D6}.Debug|Any CPU.ActiveCfg = Debug|Any CPU
		{F6085455-A487-42F8-AFB3-8012E3D759D6}.Debug|Any CPU.Build.0 = Debug|Any CPU
		{F6085455-A487-42F8-AFB3-8012E3D759D6}.Release|Any CPU.ActiveCfg = Release|Any CPU
		{F6085455-A487-42F8-AFB3-8012E3D759D6}.Release|Any CPU.Build.0 = Release|Any CPU
		{8F418560-0567-4289-AE57-0C2285F6BD5B}.Debug|Any CPU.ActiveCfg = Debug|Any CPU
		{8F418560-0567-4289-AE57-0C2285F6BD5B}.Debug|Any CPU.Build.0 = Debug|Any CPU
		{8F418560-0567-4289-AE57-0C2285F6BD5B}.Release|Any CPU.ActiveCfg = Release|Any CPU
		{8F418560-0567-4289-AE57-0C2285F6BD5B}.Release|Any CPU.Build.0 = Release|Any CPU
		{71486BD8-79B4-4C3B-B94C-4E8DD5063A89}.Debug|Any CPU.ActiveCfg = Debug|Any CPU
		{71486BD8-79B4-4C3B-B94C-4E8DD5063A89}.Debug|Any CPU.Build.0 = Debug|Any CPU
		{71486BD8-79B4-4C3B-B94C-4E8DD5063A89}.Release|Any CPU.ActiveCfg = Release|Any CPU
		{71486BD8-79B4-4C3B-B94C-4E8DD5063A89}.Release|Any CPU.Build.0 = Release|Any CPU
		{BFFBC19F-7E07-4423-BE84-EE339D7EC25E}.Debug|Any CPU.ActiveCfg = Debug|Any CPU
		{BFFBC19F-7E07-4423-BE84-EE339D7EC25E}.Debug|Any CPU.Build.0 = Debug|Any CPU
		{BFFBC19F-7E07-4423-BE84-EE339D7EC25E}.Release|Any CPU.ActiveCfg = Release|Any CPU
		{BFFBC19F-7E07-4423-BE84-EE339D7EC25E}.Release|Any CPU.Build.0 = Release|Any CPU
		{9565B1B8-B8BC-414E-B0C5-6DB8D3F895D7}.Debug|Any CPU.ActiveCfg = Debug|Any CPU
		{9565B1B8-B8BC-414E-B0C5-6DB8D3F895D7}.Debug|Any CPU.Build.0 = Debug|Any CPU
		{9565B1B8-B8BC-414E-B0C5-6DB8D3F895D7}.Release|Any CPU.ActiveCfg = Release|Any CPU
		{9565B1B8-B8BC-414E-B0C5-6DB8D3F895D7}.Release|Any CPU.Build.0 = Release|Any CPU
		{21D416F7-A943-4829-95EE-BB2D30040F4D}.Debug|Any CPU.ActiveCfg = Debug|Any CPU
		{21D416F7-A943-4829-95EE-BB2D30040F4D}.Debug|Any CPU.Build.0 = Debug|Any CPU
		{21D416F7-A943-4829-95EE-BB2D30040F4D}.Release|Any CPU.ActiveCfg = Release|Any CPU
		{21D416F7-A943-4829-95EE-BB2D30040F4D}.Release|Any CPU.Build.0 = Release|Any CPU
		{FBCF9399-D10C-40D9-8DBA-BE7CD7CA42CA}.Debug|Any CPU.ActiveCfg = Debug|Any CPU
		{FBCF9399-D10C-40D9-8DBA-BE7CD7CA42CA}.Debug|Any CPU.Build.0 = Debug|Any CPU
		{FBCF9399-D10C-40D9-8DBA-BE7CD7CA42CA}.Release|Any CPU.ActiveCfg = Release|Any CPU
		{FBCF9399-D10C-40D9-8DBA-BE7CD7CA42CA}.Release|Any CPU.Build.0 = Release|Any CPU
		{FFBB2411-AFD2-4CD4-8D25-BC6D3A28871C}.Debug|Any CPU.ActiveCfg = Debug|Any CPU
		{FFBB2411-AFD2-4CD4-8D25-BC6D3A28871C}.Debug|Any CPU.Build.0 = Debug|Any CPU
		{FFBB2411-AFD2-4CD4-8D25-BC6D3A28871C}.Release|Any CPU.ActiveCfg = Release|Any CPU
		{FFBB2411-AFD2-4CD4-8D25-BC6D3A28871C}.Release|Any CPU.Build.0 = Release|Any CPU
		{89E1D898-129A-44D2-8A7E-52D5849A41B3}.Debug|Any CPU.ActiveCfg = Debug|Any CPU
		{89E1D898-129A-44D2-8A7E-52D5849A41B3}.Debug|Any CPU.Build.0 = Debug|Any CPU
		{89E1D898-129A-44D2-8A7E-52D5849A41B3}.Release|Any CPU.ActiveCfg = Release|Any CPU
		{89E1D898-129A-44D2-8A7E-52D5849A41B3}.Release|Any CPU.Build.0 = Release|Any CPU
	EndGlobalSection
	GlobalSection(SolutionProperties) = preSolution
		HideSolutionNode = FALSE
	EndGlobalSection
	GlobalSection(ExtensibilityGlobals) = postSolution
		SolutionGuid = {9A9FDF32-6D52-471E-A552-4E2F1474970F}
	EndGlobalSection
EndGlobal
